// !$*UTF8*$!
{
	archiveVersion = 1;
	classes = {
	};
	objectVersion = 46;
	objects = {

/* Begin PBXBuildFile section */
		3AE5A8401B462A9E00A2902A /* main.m in Sources */ = {isa = PBXBuildFile; fileRef = 3AE5A83F1B462A9E00A2902A /* main.m */; };
		3AE5A8431B462A9E00A2902A /* AppDelegate.m in Sources */ = {isa = PBXBuildFile; fileRef = 3AE5A8421B462A9E00A2902A /* AppDelegate.m */; };
		3AE5A8461B462A9E00A2902A /* ViewController.m in Sources */ = {isa = PBXBuildFile; fileRef = 3AE5A8451B462A9E00A2902A /* ViewController.m */; };
		3AE5A8491B462A9E00A2902A /* Main.storyboard in Resources */ = {isa = PBXBuildFile; fileRef = 3AE5A8471B462A9E00A2902A /* Main.storyboard */; };
		3AE5A84B1B462A9E00A2902A /* Images.xcassets in Resources */ = {isa = PBXBuildFile; fileRef = 3AE5A84A1B462A9E00A2902A /* Images.xcassets */; };
		3AE5A84E1B462A9E00A2902A /* LaunchScreen.xib in Resources */ = {isa = PBXBuildFile; fileRef = 3AE5A84C1B462A9E00A2902A /* LaunchScreen.xib */; };
		3AE5A85A1B462A9E00A2902A /* SwipeEffectTests.m in Sources */ = {isa = PBXBuildFile; fileRef = 3AE5A8591B462A9E00A2902A /* SwipeEffectTests.m */; };
/* End PBXBuildFile section */

/* Begin PBXContainerItemProxy section */
		3AE5A8541B462A9E00A2902A /* PBXContainerItemProxy */ = {
			isa = PBXContainerItemProxy;
			containerPortal = 3AE5A8321B462A9E00A2902A /* Project object */;
			proxyType = 1;
			remoteGlobalIDString = 3AE5A8391B462A9E00A2902A;
			remoteInfo = SwipeEffect;
		};
/* End PBXContainerItemProxy section */

/* Begin PBXFileReference section */
		3AE5A83A1B462A9E00A2902A /* SwipeEffect.app */ = {isa = PBXFileReference; explicitFileType = wrapper.application; includeInIndex = 0; path = SwipeEffect.app; sourceTree = BUILT_PRODUCTS_DIR; };
		3AE5A83E1B462A9E00A2902A /* Info.plist */ = {isa = PBXFileReference; lastKnownFileType = text.plist.xml; path = Info.plist; sourceTree = "<group>"; };
		3AE5A83F1B462A9E00A2902A /* main.m */ = {isa = PBXFileReference; lastKnownFileType = sourcecode.c.objc; path = main.m; sourceTree = "<group>"; };
		3AE5A8411B462A9E00A2902A /* AppDelegate.h */ = {isa = PBXFileReference; lastKnownFileType = sourcecode.c.h; path = AppDelegate.h; sourceTree = "<group>"; };
		3AE5A8421B462A9E00A2902A /* AppDelegate.m */ = {isa = PBXFileReference; lastKnownFileType = sourcecode.c.objc; path = AppDelegate.m; sourceTree = "<group>"; };
		3AE5A8441B462A9E00A2902A /* ViewController.h */ = {isa = PBXFileReference; lastKnownFileType = sourcecode.c.h; path = ViewController.h; sourceTree = "<group>"; };
		3AE5A8451B462A9E00A2902A /* ViewController.m */ = {isa = PBXFileReference; lastKnownFileType = sourcecode.c.objc; path = ViewController.m; sourceTree = "<group>"; };
		3AE5A8481B462A9E00A2902A /* Base */ = {isa = PBXFileReference; lastKnownFileType = file.storyboard; name = Base; path = Base.lproj/Main.storyboard; sourceTree = "<group>"; };
		3AE5A84A1B462A9E00A2902A /* Images.xcassets */ = {isa = PBXFileReference; lastKnownFileType = folder.assetcatalog; path = Images.xcassets; sourceTree = "<group>"; };
		3AE5A84D1B462A9E00A2902A /* Base */ = {isa = PBXFileReference; lastKnownFileType = file.xib; name = Base; path = Base.lproj/LaunchScreen.xib; sourceTree = "<group>"; };
		3AE5A8531B462A9E00A2902A /* SwipeEffectTests.xctest */ = {isa = PBXFileReference; explicitFileType = wrapper.cfbundle; includeInIndex = 0; path = SwipeEffectTests.xctest; sourceTree = BUILT_PRODUCTS_DIR; };
		3AE5A8581B462A9E00A2902A /* Info.plist */ = {isa = PBXFileReference; lastKnownFileType = text.plist.xml; path = Info.plist; sourceTree = "<group>"; };
		3AE5A8591B462A9E00A2902A /* SwipeEffectTests.m */ = {isa = PBXFileReference; lastKnownFileType = sourcecode.c.objc; path = SwipeEffectTests.m; sourceTree = "<group>"; };
/* End PBXFileReference section */

/* Begin PBXFrameworksBuildPhase section */
		3AE5A8371B462A9E00A2902A /* Frameworks */ = {
			isa = PBXFrameworksBuildPhase;
			buildActionMask = 2147483647;
			files = (
			);
			runOnlyForDeploymentPostprocessing = 0;
		};
		3AE5A8501B462A9E00A2902A /* Frameworks */ = {
			isa = PBXFrameworksBuildPhase;
			buildActionMask = 2147483647;
			files = (
			);
			runOnlyForDeploymentPostprocessing = 0;
		};
/* End PBXFrameworksBuildPhase section */

/* Begin PBXGroup section */
		3AE5A8311B462A9E00A2902A = {
			isa = PBXGroup;
			children = (
				3AE5A83C1B462A9E00A2902A /* SwipeEffect */,
				3AE5A8561B462A9E00A2902A /* SwipeEffectTests */,
				3AE5A83B1B462A9E00A2902A /* Products */,
			);
			sourceTree = "<group>";
		};
		3AE5A83B1B462A9E00A2902A /* Products */ = {
			isa = PBXGroup;
			children = (
				3AE5A83A1B462A9E00A2902A /* SwipeEffect.app */,
				3AE5A8531B462A9E00A2902A /* SwipeEffectTests.xctest */,
			);
			name = Products;
			sourceTree = "<group>";
		};
		3AE5A83C1B462A9E00A2902A /* SwipeEffect */ = {
			isa = PBXGroup;
			children = (
				3AE5A8411B462A9E00A2902A /* AppDelegate.h */,
				3AE5A8421B462A9E00A2902A /* AppDelegate.m */,
				3AE5A8441B462A9E00A2902A /* ViewController.h */,
				3AE5A8451B462A9E00A2902A /* ViewController.m */,
				3AE5A8471B462A9E00A2902A /* Main.storyboard */,
				3AE5A84A1B462A9E00A2902A /* Images.xcassets */,
				3AE5A84C1B462A9E00A2902A /* LaunchScreen.xib */,
				3AE5A83D1B462A9E00A2902A /* Supporting Files */,
			);
			path = SwipeEffect;
			sourceTree = "<group>";
		};
		3AE5A83D1B462A9E00A2902A /* Supporting Files */ = {
			isa = PBXGroup;
			children = (
				3AE5A83E1B462A9E00A2902A /* Info.plist */,
				3AE5A83F1B462A9E00A2902A /* main.m */,
			);
			name = "Supporting Files";
			sourceTree = "<group>";
		};
		3AE5A8561B462A9E00A2902A /* SwipeEffectTests */ = {
			isa = PBXGroup;
			children = (
				3AE5A8591B462A9E00A2902A /* SwipeEffectTests.m */,
				3AE5A8571B462A9E00A2902A /* Supporting Files */,
			);
			path = SwipeEffectTests;
			sourceTree = "<group>";
		};
		3AE5A8571B462A9E00A2902A /* Supporting Files */ = {
			isa = PBXGroup;
			children = (
				3AE5A8581B462A9E00A2902A /* Info.plist */,
			);
			name = "Supporting Files";
			sourceTree = "<group>";
		};
/* End PBXGroup section */

/* Begin PBXNativeTarget section */
		3AE5A8391B462A9E00A2902A /* SwipeEffect */ = {
			isa = PBXNativeTarget;
			buildConfigurationList = 3AE5A85D1B462A9E00A2902A /* Build configuration list for PBXNativeTarget "SwipeEffect" */;
			buildPhases = (
				3AE5A8361B462A9E00A2902A /* Sources */,
				3AE5A8371B462A9E00A2902A /* Frameworks */,
				3AE5A8381B462A9E00A2902A /* Resources */,
			);
			buildRules = (
			);
			dependencies = (
			);
			name = SwipeEffect;
			productName = SwipeEffect;
			productReference = 3AE5A83A1B462A9E00A2902A /* SwipeEffect.app */;
			productType = "com.apple.product-type.application";
		};
		3AE5A8521B462A9E00A2902A /* SwipeEffectTests */ = {
			isa = PBXNativeTarget;
			buildConfigurationList = 3AE5A8601B462A9E00A2902A /* Build configuration list for PBXNativeTarget "SwipeEffectTests" */;
			buildPhases = (
				3AE5A84F1B462A9E00A2902A /* Sources */,
				3AE5A8501B462A9E00A2902A /* Frameworks */,
				3AE5A8511B462A9E00A2902A /* Resources */,
			);
			buildRules = (
			);
			dependencies = (
				3AE5A8551B462A9E00A2902A /* PBXTargetDependency */,
			);
			name = SwipeEffectTests;
			productName = SwipeEffectTests;
			productReference = 3AE5A8531B462A9E00A2902A /* SwipeEffectTests.xctest */;
			productType = "com.apple.product-type.bundle.unit-test";
		};
/* End PBXNativeTarget section */

/* Begin PBXProject section */
		3AE5A8321B462A9E00A2902A /* Project object */ = {
			isa = PBXProject;
			attributes = {
				LastUpgradeCheck = 0630;
				ORGANIZATIONNAME = Spyros;
				TargetAttributes = {
					3AE5A8391B462A9E00A2902A = {
						CreatedOnToolsVersion = 6.3.2;
					};
					3AE5A8521B462A9E00A2902A = {
						CreatedOnToolsVersion = 6.3.2;
						TestTargetID = 3AE5A8391B462A9E00A2902A;
					};
				};
			};
			buildConfigurationList = 3AE5A8351B462A9E00A2902A /* Build configuration list for PBXProject "SwipeEffect" */;
			compatibilityVersion = "Xcode 3.2";
			developmentRegion = English;
			hasScannedForEncodings = 0;
			knownRegions = (
				en,
				Base,
			);
			mainGroup = 3AE5A8311B462A9E00A2902A;
			productRefGroup = 3AE5A83B1B462A9E00A2902A /* Products */;
			projectDirPath = "";
			projectRoot = "";
			targets = (
				3AE5A8391B462A9E00A2902A /* SwipeEffect */,
				3AE5A8521B462A9E00A2902A /* SwipeEffectTests */,
			);
		};
/* End PBXProject section */

/* Begin PBXResourcesBuildPhase section */
		3AE5A8381B462A9E00A2902A /* Resources */ = {
			isa = PBXResourcesBuildPhase;
			buildActionMask = 2147483647;
			files = (
				3AE5A8491B462A9E00A2902A /* Main.storyboard in Resources */,
				3AE5A84E1B462A9E00A2902A /* LaunchScreen.xib in Resources */,
				3AE5A84B1B462A9E00A2902A /* Images.xcassets in Resources */,
			);
			runOnlyForDeploymentPostprocessing = 0;
		};
		3AE5A8511B462A9E00A2902A /* Resources */ = {
			isa = PBXResourcesBuildPhase;
			buildActionMask = 2147483647;
			files = (
			);
			runOnlyForDeploymentPostprocessing = 0;
		};
/* End PBXResourcesBuildPhase section */

/* Begin PBXSourcesBuildPhase section */
		3AE5A8361B462A9E00A2902A /* Sources */ = {
			isa = PBXSourcesBuildPhase;
			buildActionMask = 2147483647;
			files = (
				3AE5A8461B462A9E00A2902A /* ViewController.m in Sources */,
				3AE5A8431B462A9E00A2902A /* AppDelegate.m in Sources */,
				3AE5A8401B462A9E00A2902A /* main.m in Sources */,
			);
			runOnlyForDeploymentPostprocessing = 0;
		};
		3AE5A84F1B462A9E00A2902A /* Sources */ = {
			isa = PBXSourcesBuildPhase;
			buildActionMask = 2147483647;
			files = (
				3AE5A85A1B462A9E00A2902A /* SwipeEffectTests.m in Sources */,
			);
			runOnlyForDeploymentPostprocessing = 0;
		};
/* End PBXSourcesBuildPhase section */

/* Begin PBXTargetDependency section */
		3AE5A8551B462A9E00A2902A /* PBXTargetDependency */ = {
			isa = PBXTargetDependency;
			target = 3AE5A8391B462A9E00A2902A /* SwipeEffect */;
			targetProxy = 3AE5A8541B462A9E00A2902A /* PBXContainerItemProxy */;
		};
/* End PBXTargetDependency section */

/* Begin PBXVariantGroup section */
		3AE5A8471B462A9E00A2902A /* Main.storyboard */ = {
			isa = PBXVariantGroup;
			children = (
				3AE5A8481B462A9E00A2902A /* Base */,
			);
			name = Main.storyboard;
			sourceTree = "<group>";
		};
		3AE5A84C1B462A9E00A2902A /* LaunchScreen.xib */ = {
			isa = PBXVariantGroup;
			children = (
				3AE5A84D1B462A9E00A2902A /* Base */,
			);
			name = LaunchScreen.xib;
			sourceTree = "<group>";
		};
/* End PBXVariantGroup section */

/* Begin XCBuildConfiguration section */
		3AE5A85B1B462A9E00A2902A /* Debug */ = {
			isa = XCBuildConfiguration;
			buildSettings = {
				ALWAYS_SEARCH_USER_PATHS = NO;
				CLANG_CXX_LANGUAGE_STANDARD = "gnu++0x";
				CLANG_CXX_LIBRARY = "libc++";
				CLANG_ENABLE_MODULES = YES;
				CLANG_ENABLE_OBJC_ARC = YES;
				CLANG_WARN_BOOL_CONVERSION = YES;
				CLANG_WARN_CONSTANT_CONVERSION = YES;
				CLANG_WARN_DIRECT_OBJC_ISA_USAGE = YES_ERROR;
				CLANG_WARN_EMPTY_BODY = YES;
				CLANG_WARN_ENUM_CONVERSION = YES;
				CLANG_WARN_INT_CONVERSION = YES;
				CLANG_WARN_OBJC_ROOT_CLASS = YES_ERROR;
				CLANG_WARN_UNREACHABLE_CODE = YES;
				CLANG_WARN__DUPLICATE_METHOD_MATCH = YES;
				"CODE_SIGN_IDENTITY[sdk=iphoneos*]" = "iPhone Developer";
				COPY_PHASE_STRIP = NO;
				DEBUG_INFORMATION_FORMAT = "dwarf-with-dsym";
				ENABLE_STRICT_OBJC_MSGSEND = YES;
				GCC_C_LANGUAGE_STANDARD = gnu99;
				GCC_DYNAMIC_NO_PIC = NO;
				GCC_NO_COMMON_BLOCKS = YES;
				GCC_OPTIMIZATION_LEVEL = 0;
				GCC_PREPROCESSOR_DEFINITIONS = (
					"DEBUG=1",
					"$(inherited)",
				);
				GCC_SYMBOLS_PRIVATE_EXTERN = NO;
				GCC_WARN_64_TO_32_BIT_CONVERSION = YES;
				GCC_WARN_ABOUT_RETURN_TYPE = YES_ERROR;
				GCC_WARN_UNDECLARED_SELECTOR = YES;
				GCC_WARN_UNINITIALIZED_AUTOS = YES_AGGRESSIVE;
				GCC_WARN_UNUSED_FUNCTION = YES;
				GCC_WARN_UNUSED_VARIABLE = YES;
				IPHONEOS_DEPLOYMENT_TARGET = 8.3;
				MTL_ENABLE_DEBUG_INFO = YES;
				ONLY_ACTIVE_ARCH = YES;
				SDKROOT = iphoneos;
			};
			name = Debug;
		};
		3AE5A85C1B462A9E00A2902A /* Release */ = {
			isa = XCBuildConfiguration;
			buildSettings = {
				ALWAYS_SEARCH_USER_PATHS = NO;
				CLANG_CXX_LANGUAGE_STANDARD = "gnu++0x";
				CLANG_CXX_LIBRARY = "libc++";
				CLANG_ENABLE_MODULES = YES;
				CLANG_ENABLE_OBJC_ARC = YES;
				CLANG_WARN_BOOL_CONVERSION = YES;
				CLANG_WARN_CONSTANT_CONVERSION = YES;
				CLANG_WARN_DIRECT_OBJC_ISA_USAGE = YES_ERROR;
				CLANG_WARN_EMPTY_BODY = YES;
				CLANG_WARN_ENUM_CONVERSION = YES;
				CLANG_WARN_INT_CONVERSION = YES;
				CLANG_WARN_OBJC_ROOT_CLASS = YES_ERROR;
				CLANG_WARN_UNREACHABLE_CODE = YES;
				CLANG_WARN__DUPLICATE_METHOD_MATCH = YES;
				"CODE_SIGN_IDENTITY[sdk=iphoneos*]" = "iPhone Developer";
				COPY_PHASE_STRIP = NO;
				DEBUG_INFORMATION_FORMAT = "dwarf-with-dsym";
				ENABLE_NS_ASSERTIONS = NO;
				ENABLE_STRICT_OBJC_MSGSEND = YES;
				GCC_C_LANGUAGE_STANDARD = gnu99;
				GCC_NO_COMMON_BLOCKS = YES;
				GCC_WARN_64_TO_32_BIT_CONVERSION = YES;
				GCC_WARN_ABOUT_RETURN_TYPE = YES_ERROR;
				GCC_WARN_UNDECLARED_SELECTOR = YES;
				GCC_WARN_UNINITIALIZED_AUTOS = YES_AGGRESSIVE;
				GCC_WARN_UNUSED_FUNCTION = YES;
				GCC_WARN_UNUSED_VARIABLE = YES;
				IPHONEOS_DEPLOYMENT_TARGET = 8.3;
				MTL_ENABLE_DEBUG_INFO = NO;
				SDKROOT = iphoneos;
				VALIDATE_PRODUCT = YES;
			};
			name = Release;
		};
		3AE5A85E1B462A9E00A2902A /* Debug */ = {
			isa = XCBuildConfiguration;
			buildSettings = {
				ASSETCATALOG_COMPILER_APPICON_NAME = AppIcon;
				INFOPLIST_FILE = SwipeEffect/Info.plist;
				LD_RUNPATH_SEARCH_PATHS = "$(inherited) @executable_path/Frameworks";
				PRODUCT_NAME = "$(TARGET_NAME)";
			};
			name = Debug;
		};
		3AE5A85F1B462A9E00A2902A /* Release */ = {
			isa = XCBuildConfiguration;
			buildSettings = {
				ASSETCATALOG_COMPILER_APPICON_NAME = AppIcon;
				INFOPLIST_FILE = SwipeEffect/Info.plist;
				LD_RUNPATH_SEARCH_PATHS = "$(inherited) @executable_path/Frameworks";
				PRODUCT_NAME = "$(TARGET_NAME)";
			};
			name = Release;
		};
		3AE5A8611B462A9E00A2902A /* Debug */ = {
			isa = XCBuildConfiguration;
			buildSettings = {
				BUNDLE_LOADER = "$(TEST_HOST)";
				FRAMEWORK_SEARCH_PATHS = (
					"$(SDKROOT)/Developer/Library/Frameworks",
					"$(inherited)",
				);
				GCC_PREPROCESSOR_DEFINITIONS = (
					"DEBUG=1",
					"$(inherited)",
				);
				INFOPLIST_FILE = SwipeEffectTests/Info.plist;
				LD_RUNPATH_SEARCH_PATHS = "$(inherited) @executable_path/Frameworks @loader_path/Frameworks";
				PRODUCT_NAME = "$(TARGET_NAME)";
				TEST_HOST = "$(BUILT_PRODUCTS_DIR)/SwipeEffect.app/SwipeEffect";
			};
			name = Debug;
		};
		3AE5A8621B462A9E00A2902A /* Release */ = {
			isa = XCBuildConfiguration;
			buildSettings = {
				BUNDLE_LOADER = "$(TEST_HOST)";
				FRAMEWORK_SEARCH_PATHS = (
					"$(SDKROOT)/Developer/Library/Frameworks",
					"$(inherited)",
				);
				INFOPLIST_FILE = SwipeEffectTests/Info.plist;
				LD_RUNPATH_SEARCH_PATHS = "$(inherited) @executable_path/Frameworks @loader_path/Frameworks";
				PRODUCT_NAME = "$(TARGET_NAME)";
				TEST_HOST = "$(BUILT_PRODUCTS_DIR)/SwipeEffect.app/SwipeEffect";
			};
			name = Release;
		};
/* End XCBuildConfiguration section */

/* Begin XCConfigurationList section */
		3AE5A8351B462A9E00A2902A /* Build configuration list for PBXProject "SwipeEffect" */ = {
			isa = XCConfigurationList;
			buildConfigurations = (
				3AE5A85B1B462A9E00A2902A /* Debug */,
				3AE5A85C1B462A9E00A2902A /* Release */,
			);
			defaultConfigurationIsVisible = 0;
			defaultConfigurationName = Release;
		};
		3AE5A85D1B462A9E00A2902A /* Build configuration list for PBXNativeTarget "SwipeEffect" */ = {
			isa = XCConfigurationList;
			buildConfigurations = (
				3AE5A85E1B462A9E00A2902A /* Debug */,
				3AE5A85F1B462A9E00A2902A /* Release */,
			);
			defaultConfigurationIsVisible = 0;
		};
		3AE5A8601B462A9E00A2902A /* Build configuration list for PBXNativeTarget "SwipeEffectTests" */ = {
			isa = XCConfigurationList;
			buildConfigurations = (
				3AE5A8611B462A9E00A2902A /* Debug */,
				3AE5A8621B462A9E00A2902A /* Release */,
			);
			defaultConfigurationIsVisible = 0;
		};
/* End XCConfigurationList section */
	};
	rootObject = 3AE5A8321B462A9E00A2902A /* Project object */;
}
