// !$*UTF8*$!
{
	archiveVersion = 1;
	classes = {
	};
	objectVersion = 46;
	objects = {

/* Begin PBXBuildFile section */
		3ACEEF6B1B52910D00CFB3DD /* SwipeOptions.m in Sources */ = {isa = PBXBuildFile; fileRef = 3ACEEF6A1B52910D00CFB3DD /* SwipeOptions.m */; };
		3ACEEF6E1B52918800CFB3DD /* PanState.m in Sources */ = {isa = PBXBuildFile; fileRef = 3ACEEF6D1B52918800CFB3DD /* PanState.m */; };
		3ACEEF711B52920800CFB3DD /* Geometry.m in Sources */ = {isa = PBXBuildFile; fileRef = 3ACEEF701B52920800CFB3DD /* Geometry.m */; };
		3ACEEF741B52935700CFB3DD /* SwipeResult.m in Sources */ = {isa = PBXBuildFile; fileRef = 3ACEEF731B52935700CFB3DD /* SwipeResult.m */; };
		3ACEEF7B1B52969C00CFB3DD /* SwipeToChooseView.m in Sources */ = {isa = PBXBuildFile; fileRef = 3ACEEF7A1B52969C00CFB3DD /* SwipeToChooseView.m */; };
		3ACEEF7E1B52991700CFB3DD /* SwipeToChooseViewOptions.m in Sources */ = {isa = PBXBuildFile; fileRef = 3ACEEF7D1B52991700CFB3DD /* SwipeToChooseViewOptions.m */; };
		3ACEEF811B5299F400CFB3DD /* ViewState.m in Sources */ = {isa = PBXBuildFile; fileRef = 3ACEEF801B5299F400CFB3DD /* ViewState.m */; };
		3ACEEF841B529A3400CFB3DD /* UIView+SwipeToChoose.m in Sources */ = {isa = PBXBuildFile; fileRef = 3ACEEF831B529A3400CFB3DD /* UIView+SwipeToChoose.m */; };
		3AD186AC1B4E9BED00345999 /* ChooseProductViewController.m in Sources */ = {isa = PBXBuildFile; fileRef = 3AD186AB1B4E9BED00345999 /* ChooseProductViewController.m */; };
		3AD186AF1B4E9C1000345999 /* ChooseProductView.m in Sources */ = {isa = PBXBuildFile; fileRef = 3AD186AE1B4E9C1000345999 /* ChooseProductView.m */; };
		3AE5A8401B462A9E00A2902A /* main.m in Sources */ = {isa = PBXBuildFile; fileRef = 3AE5A83F1B462A9E00A2902A /* main.m */; };
		3AE5A8431B462A9E00A2902A /* AppDelegate.m in Sources */ = {isa = PBXBuildFile; fileRef = 3AE5A8421B462A9E00A2902A /* AppDelegate.m */; };
		3AE5A8491B462A9E00A2902A /* Main.storyboard in Resources */ = {isa = PBXBuildFile; fileRef = 3AE5A8471B462A9E00A2902A /* Main.storyboard */; };
		3AE5A84B1B462A9E00A2902A /* Images.xcassets in Resources */ = {isa = PBXBuildFile; fileRef = 3AE5A84A1B462A9E00A2902A /* Images.xcassets */; };
		3AE5A84E1B462A9E00A2902A /* LaunchScreen.xib in Resources */ = {isa = PBXBuildFile; fileRef = 3AE5A84C1B462A9E00A2902A /* LaunchScreen.xib */; };
		3AE5A85A1B462A9E00A2902A /* SwipeEffectTests.m in Sources */ = {isa = PBXBuildFile; fileRef = 3AE5A8591B462A9E00A2902A /* SwipeEffectTests.m */; };
		3AE5A8661B46E7ED00A2902A /* Product.m in Sources */ = {isa = PBXBuildFile; fileRef = 3AE5A8651B46E7ED00A2902A /* Product.m */; };
		CA1597FFE1FF9E658E76EEF7 /* libPods.a in Frameworks */ = {isa = PBXBuildFile; fileRef = 3DF081FA510918D1EC6AB949 /* libPods.a */; };
/* End PBXBuildFile section */

/* Begin PBXContainerItemProxy section */
		3AE5A8541B462A9E00A2902A /* PBXContainerItemProxy */ = {
			isa = PBXContainerItemProxy;
			containerPortal = 3AE5A8321B462A9E00A2902A /* Project object */;
			proxyType = 1;
			remoteGlobalIDString = 3AE5A8391B462A9E00A2902A;
			remoteInfo = SwipeEffect;
		};
/* End PBXContainerItemProxy section */

/* Begin PBXFileReference section */
		056274C272E531B8C8D6A106 /* Pods.debug.xcconfig */ = {isa = PBXFileReference; includeInIndex = 1; lastKnownFileType = text.xcconfig; name = Pods.debug.xcconfig; path = "Pods/Target Support Files/Pods/Pods.debug.xcconfig"; sourceTree = "<group>"; };
		3ACEEF681B52908500CFB3DD /* SwipeDirection.h */ = {isa = PBXFileReference; lastKnownFileType = sourcecode.c.h; name = SwipeDirection.h; path = ModelClasses/SwipeDirection.h; sourceTree = "<group>"; };
		3ACEEF691B52910D00CFB3DD /* SwipeOptions.h */ = {isa = PBXFileReference; fileEncoding = 4; lastKnownFileType = sourcecode.c.h; name = SwipeOptions.h; path = ModelClasses/SwipeOptions.h; sourceTree = "<group>"; };
		3ACEEF6A1B52910D00CFB3DD /* SwipeOptions.m */ = {isa = PBXFileReference; fileEncoding = 4; lastKnownFileType = sourcecode.c.objc; name = SwipeOptions.m; path = ModelClasses/SwipeOptions.m; sourceTree = "<group>"; };
		3ACEEF6C1B52918800CFB3DD /* PanState.h */ = {isa = PBXFileReference; fileEncoding = 4; lastKnownFileType = sourcecode.c.h; name = PanState.h; path = ModelClasses/PanState.h; sourceTree = "<group>"; };
		3ACEEF6D1B52918800CFB3DD /* PanState.m */ = {isa = PBXFileReference; fileEncoding = 4; lastKnownFileType = sourcecode.c.objc; name = PanState.m; path = ModelClasses/PanState.m; sourceTree = "<group>"; };
		3ACEEF6F1B52920800CFB3DD /* Geometry.h */ = {isa = PBXFileReference; fileEncoding = 4; lastKnownFileType = sourcecode.c.h; name = Geometry.h; path = ModelClasses/Geometry.h; sourceTree = "<group>"; };
		3ACEEF701B52920800CFB3DD /* Geometry.m */ = {isa = PBXFileReference; fileEncoding = 4; lastKnownFileType = sourcecode.c.objc; name = Geometry.m; path = ModelClasses/Geometry.m; sourceTree = "<group>"; };
		3ACEEF721B52935700CFB3DD /* SwipeResult.h */ = {isa = PBXFileReference; fileEncoding = 4; lastKnownFileType = sourcecode.c.h; name = SwipeResult.h; path = ModelClasses/SwipeResult.h; sourceTree = "<group>"; };
		3ACEEF731B52935700CFB3DD /* SwipeResult.m */ = {isa = PBXFileReference; fileEncoding = 4; lastKnownFileType = sourcecode.c.objc; name = SwipeResult.m; path = ModelClasses/SwipeResult.m; sourceTree = "<group>"; };
		3ACEEF751B52941D00CFB3DD /* SwipeToChoose.h */ = {isa = PBXFileReference; fileEncoding = 4; lastKnownFileType = sourcecode.c.h; name = SwipeToChoose.h; path = ModelClasses/SwipeToChoose.h; sourceTree = "<group>"; };
		3ACEEF781B52949100CFB3DD /* SwipeToChooseDelegate.h */ = {isa = PBXFileReference; lastKnownFileType = sourcecode.c.h; name = SwipeToChooseDelegate.h; path = ModelClasses/SwipeToChooseDelegate.h; sourceTree = "<group>"; };
		3ACEEF791B52969C00CFB3DD /* SwipeToChooseView.h */ = {isa = PBXFileReference; fileEncoding = 4; lastKnownFileType = sourcecode.c.h; name = SwipeToChooseView.h; path = ViewClasses/SwipeToChooseView.h; sourceTree = "<group>"; };
		3ACEEF7A1B52969C00CFB3DD /* SwipeToChooseView.m */ = {isa = PBXFileReference; fileEncoding = 4; lastKnownFileType = sourcecode.c.objc; name = SwipeToChooseView.m; path = ViewClasses/SwipeToChooseView.m; sourceTree = "<group>"; };
		3ACEEF7C1B52991700CFB3DD /* SwipeToChooseViewOptions.h */ = {isa = PBXFileReference; fileEncoding = 4; lastKnownFileType = sourcecode.c.h; name = SwipeToChooseViewOptions.h; path = ModelClasses/SwipeToChooseViewOptions.h; sourceTree = "<group>"; };
		3ACEEF7D1B52991700CFB3DD /* SwipeToChooseViewOptions.m */ = {isa = PBXFileReference; fileEncoding = 4; lastKnownFileType = sourcecode.c.objc; name = SwipeToChooseViewOptions.m; path = ModelClasses/SwipeToChooseViewOptions.m; sourceTree = "<group>"; };
		3ACEEF7F1B5299F400CFB3DD /* ViewState.h */ = {isa = PBXFileReference; fileEncoding = 4; lastKnownFileType = sourcecode.c.h; name = ViewState.h; path = ModelClasses/ViewState.h; sourceTree = "<group>"; };
		3ACEEF801B5299F400CFB3DD /* ViewState.m */ = {isa = PBXFileReference; fileEncoding = 4; lastKnownFileType = sourcecode.c.objc; name = ViewState.m; path = ModelClasses/ViewState.m; sourceTree = "<group>"; };
		3ACEEF821B529A3400CFB3DD /* UIView+SwipeToChoose.h */ = {isa = PBXFileReference; fileEncoding = 4; lastKnownFileType = sourcecode.c.h; name = "UIView+SwipeToChoose.h"; path = "ModelClasses/UIView+SwipeToChoose.h"; sourceTree = "<group>"; };
		3ACEEF831B529A3400CFB3DD /* UIView+SwipeToChoose.m */ = {isa = PBXFileReference; fileEncoding = 4; lastKnownFileType = sourcecode.c.objc; name = "UIView+SwipeToChoose.m"; path = "ModelClasses/UIView+SwipeToChoose.m"; sourceTree = "<group>"; };
		3AD186AA1B4E9BED00345999 /* ChooseProductViewController.h */ = {isa = PBXFileReference; fileEncoding = 4; lastKnownFileType = sourcecode.c.h; name = ChooseProductViewController.h; path = ControllerClasses/ChooseProductViewController.h; sourceTree = "<group>"; };
		3AD186AB1B4E9BED00345999 /* ChooseProductViewController.m */ = {isa = PBXFileReference; fileEncoding = 4; lastKnownFileType = sourcecode.c.objc; name = ChooseProductViewController.m; path = ControllerClasses/ChooseProductViewController.m; sourceTree = "<group>"; };
		3AD186AD1B4E9C1000345999 /* ChooseProductView.h */ = {isa = PBXFileReference; fileEncoding = 4; lastKnownFileType = sourcecode.c.h; name = ChooseProductView.h; path = ViewClasses/ChooseProductView.h; sourceTree = "<group>"; };
		3AD186AE1B4E9C1000345999 /* ChooseProductView.m */ = {isa = PBXFileReference; fileEncoding = 4; lastKnownFileType = sourcecode.c.objc; name = ChooseProductView.m; path = ViewClasses/ChooseProductView.m; sourceTree = "<group>"; };
		3AE5A83A1B462A9E00A2902A /* SwipeEffect.app */ = {isa = PBXFileReference; explicitFileType = wrapper.application; includeInIndex = 0; path = SwipeEffect.app; sourceTree = BUILT_PRODUCTS_DIR; };
		3AE5A83E1B462A9E00A2902A /* Info.plist */ = {isa = PBXFileReference; lastKnownFileType = text.plist.xml; path = Info.plist; sourceTree = "<group>"; };
		3AE5A83F1B462A9E00A2902A /* main.m */ = {isa = PBXFileReference; lastKnownFileType = sourcecode.c.objc; path = main.m; sourceTree = "<group>"; };
		3AE5A8411B462A9E00A2902A /* AppDelegate.h */ = {isa = PBXFileReference; lastKnownFileType = sourcecode.c.h; path = AppDelegate.h; sourceTree = "<group>"; };
		3AE5A8421B462A9E00A2902A /* AppDelegate.m */ = {isa = PBXFileReference; lastKnownFileType = sourcecode.c.objc; path = AppDelegate.m; sourceTree = "<group>"; };
		3AE5A8481B462A9E00A2902A /* Base */ = {isa = PBXFileReference; lastKnownFileType = file.storyboard; name = Base; path = Base.lproj/Main.storyboard; sourceTree = "<group>"; };
		3AE5A84A1B462A9E00A2902A /* Images.xcassets */ = {isa = PBXFileReference; lastKnownFileType = folder.assetcatalog; path = Images.xcassets; sourceTree = "<group>"; };
		3AE5A84D1B462A9E00A2902A /* Base */ = {isa = PBXFileReference; lastKnownFileType = file.xib; name = Base; path = Base.lproj/LaunchScreen.xib; sourceTree = "<group>"; };
		3AE5A8531B462A9E00A2902A /* SwipeEffectTests.xctest */ = {isa = PBXFileReference; explicitFileType = wrapper.cfbundle; includeInIndex = 0; path = SwipeEffectTests.xctest; sourceTree = BUILT_PRODUCTS_DIR; };
		3AE5A8581B462A9E00A2902A /* Info.plist */ = {isa = PBXFileReference; lastKnownFileType = text.plist.xml; path = Info.plist; sourceTree = "<group>"; };
		3AE5A8591B462A9E00A2902A /* SwipeEffectTests.m */ = {isa = PBXFileReference; lastKnownFileType = sourcecode.c.objc; path = SwipeEffectTests.m; sourceTree = "<group>"; };
		3AE5A8641B46E7ED00A2902A /* Product.h */ = {isa = PBXFileReference; fileEncoding = 4; lastKnownFileType = sourcecode.c.h; name = Product.h; path = ModelClasses/Product.h; sourceTree = "<group>"; };
		3AE5A8651B46E7ED00A2902A /* Product.m */ = {isa = PBXFileReference; fileEncoding = 4; lastKnownFileType = sourcecode.c.objc; name = Product.m; path = ModelClasses/Product.m; sourceTree = "<group>"; };
		3CECACC386E2EE499D10570B /* Pods.release.xcconfig */ = {isa = PBXFileReference; includeInIndex = 1; lastKnownFileType = text.xcconfig; name = Pods.release.xcconfig; path = "Pods/Target Support Files/Pods/Pods.release.xcconfig"; sourceTree = "<group>"; };
		3DF081FA510918D1EC6AB949 /* libPods.a */ = {isa = PBXFileReference; explicitFileType = archive.ar; includeInIndex = 0; path = libPods.a; sourceTree = BUILT_PRODUCTS_DIR; };
/* End PBXFileReference section */

/* Begin PBXFrameworksBuildPhase section */
		3AE5A8371B462A9E00A2902A /* Frameworks */ = {
			isa = PBXFrameworksBuildPhase;
			buildActionMask = 2147483647;
			files = (
				CA1597FFE1FF9E658E76EEF7 /* libPods.a in Frameworks */,
			);
			runOnlyForDeploymentPostprocessing = 0;
		};
		3AE5A8501B462A9E00A2902A /* Frameworks */ = {
			isa = PBXFrameworksBuildPhase;
			buildActionMask = 2147483647;
			files = (
			);
			runOnlyForDeploymentPostprocessing = 0;
		};
/* End PBXFrameworksBuildPhase section */

/* Begin PBXGroup section */
		3ACEEF671B52906800CFB3DD /* SwipeEffectClasses */ = {
			isa = PBXGroup;
			children = (
				3ACEEF6F1B52920800CFB3DD /* Geometry.h */,
				3ACEEF701B52920800CFB3DD /* Geometry.m */,
				3ACEEF6C1B52918800CFB3DD /* PanState.h */,
				3ACEEF6D1B52918800CFB3DD /* PanState.m */,
				3ACEEF681B52908500CFB3DD /* SwipeDirection.h */,
				3ACEEF691B52910D00CFB3DD /* SwipeOptions.h */,
				3ACEEF6A1B52910D00CFB3DD /* SwipeOptions.m */,
				3ACEEF721B52935700CFB3DD /* SwipeResult.h */,
				3ACEEF731B52935700CFB3DD /* SwipeResult.m */,
				3ACEEF751B52941D00CFB3DD /* SwipeToChoose.h */,
				3ACEEF781B52949100CFB3DD /* SwipeToChooseDelegate.h */,
				3ACEEF791B52969C00CFB3DD /* SwipeToChooseView.h */,
				3ACEEF7A1B52969C00CFB3DD /* SwipeToChooseView.m */,
				3ACEEF7C1B52991700CFB3DD /* SwipeToChooseViewOptions.h */,
				3ACEEF7D1B52991700CFB3DD /* SwipeToChooseViewOptions.m */,
				3ACEEF7F1B5299F400CFB3DD /* ViewState.h */,
				3ACEEF801B5299F400CFB3DD /* ViewState.m */,
				3ACEEF821B529A3400CFB3DD /* UIView+SwipeToChoose.h */,
				3ACEEF831B529A3400CFB3DD /* UIView+SwipeToChoose.m */,
			);
			name = SwipeEffectClasses;
			sourceTree = "<group>";
		};
		3AD186A61B4E9BC100345999 /* ControllerClasses */ = {
			isa = PBXGroup;
			children = (
				3AD186AA1B4E9BED00345999 /* ChooseProductViewController.h */,
				3AD186AB1B4E9BED00345999 /* ChooseProductViewController.m */,
			);
			name = ControllerClasses;
			sourceTree = "<group>";
		};
		3AE5A8311B462A9E00A2902A = {
			isa = PBXGroup;
			children = (
				3AE5A83C1B462A9E00A2902A /* SwipeEffect */,
				3AE5A8561B462A9E00A2902A /* SwipeEffectTests */,
				3AE5A83B1B462A9E00A2902A /* Products */,
				60A0AE03B2DF2BC5E91A560F /* Pods */,
				E0A124AA8DAB9722044FDD8B /* Frameworks */,
			);
			sourceTree = "<group>";
		};
		3AE5A83B1B462A9E00A2902A /* Products */ = {
			isa = PBXGroup;
			children = (
				3AE5A83A1B462A9E00A2902A /* SwipeEffect.app */,
				3AE5A8531B462A9E00A2902A /* SwipeEffectTests.xctest */,
			);
			name = Products;
			sourceTree = "<group>";
		};
		3AE5A83C1B462A9E00A2902A /* SwipeEffect */ = {
			isa = PBXGroup;
			children = (
				3AD186A61B4E9BC100345999 /* ControllerClasses */,
				3AE5A8671B470C8E00A2902A /* ViewClasses */,
				3AE5A8631B46E7CB00A2902A /* ModelClasses */,
				3AE5A8411B462A9E00A2902A /* AppDelegate.h */,
				3AE5A8421B462A9E00A2902A /* AppDelegate.m */,
				3AE5A8471B462A9E00A2902A /* Main.storyboard */,
				3AE5A84A1B462A9E00A2902A /* Images.xcassets */,
				3AE5A84C1B462A9E00A2902A /* LaunchScreen.xib */,
				3AE5A83D1B462A9E00A2902A /* Supporting Files */,
			);
			path = SwipeEffect;
			sourceTree = "<group>";
		};
		3AE5A83D1B462A9E00A2902A /* Supporting Files */ = {
			isa = PBXGroup;
			children = (
				3AE5A83E1B462A9E00A2902A /* Info.plist */,
				3AE5A83F1B462A9E00A2902A /* main.m */,
			);
			name = "Supporting Files";
			sourceTree = "<group>";
		};
		3AE5A8561B462A9E00A2902A /* SwipeEffectTests */ = {
			isa = PBXGroup;
			children = (
				3AE5A8591B462A9E00A2902A /* SwipeEffectTests.m */,
				3AE5A8571B462A9E00A2902A /* Supporting Files */,
			);
			path = SwipeEffectTests;
			sourceTree = "<group>";
		};
		3AE5A8571B462A9E00A2902A /* Supporting Files */ = {
			isa = PBXGroup;
			children = (
				3AE5A8581B462A9E00A2902A /* Info.plist */,
			);
			name = "Supporting Files";
			sourceTree = "<group>";
		};
		3AE5A8631B46E7CB00A2902A /* ModelClasses */ = {
			isa = PBXGroup;
			children = (
				3ACEEF671B52906800CFB3DD /* SwipeEffectClasses */,
				3AE5A8641B46E7ED00A2902A /* Product.h */,
				3AE5A8651B46E7ED00A2902A /* Product.m */,
			);
			name = ModelClasses;
			sourceTree = "<group>";
		};
		3AE5A8671B470C8E00A2902A /* ViewClasses */ = {
			isa = PBXGroup;
			children = (
				3AD186AD1B4E9C1000345999 /* ChooseProductView.h */,
				3AD186AE1B4E9C1000345999 /* ChooseProductView.m */,
			);
			name = ViewClasses;
			sourceTree = "<group>";
		};
		60A0AE03B2DF2BC5E91A560F /* Pods */ = {
			isa = PBXGroup;
			children = (
				056274C272E531B8C8D6A106 /* Pods.debug.xcconfig */,
				3CECACC386E2EE499D10570B /* Pods.release.xcconfig */,
			);
			name = Pods;
			sourceTree = "<group>";
		};
		E0A124AA8DAB9722044FDD8B /* Frameworks */ = {
			isa = PBXGroup;
			children = (
				3DF081FA510918D1EC6AB949 /* libPods.a */,
			);
			name = Frameworks;
			sourceTree = "<group>";
		};
/* End PBXGroup section */

/* Begin PBXNativeTarget section */
		3AE5A8391B462A9E00A2902A /* SwipeEffect */ = {
			isa = PBXNativeTarget;
			buildConfigurationList = 3AE5A85D1B462A9E00A2902A /* Build configuration list for PBXNativeTarget "SwipeEffect" */;
			buildPhases = (
				8D544B84D6A250F9A944842F /* Check Pods Manifest.lock */,
				3AE5A8361B462A9E00A2902A /* Sources */,
				3AE5A8371B462A9E00A2902A /* Frameworks */,
				3AE5A8381B462A9E00A2902A /* Resources */,
				3FB60F9F770DB163B0DA8278 /* Copy Pods Resources */,
			);
			buildRules = (
			);
			dependencies = (
			);
			name = SwipeEffect;
			productName = SwipeEffect;
			productReference = 3AE5A83A1B462A9E00A2902A /* SwipeEffect.app */;
			productType = "com.apple.product-type.application";
		};
		3AE5A8521B462A9E00A2902A /* SwipeEffectTests */ = {
			isa = PBXNativeTarget;
			buildConfigurationList = 3AE5A8601B462A9E00A2902A /* Build configuration list for PBXNativeTarget "SwipeEffectTests" */;
			buildPhases = (
				3AE5A84F1B462A9E00A2902A /* Sources */,
				3AE5A8501B462A9E00A2902A /* Frameworks */,
				3AE5A8511B462A9E00A2902A /* Resources */,
			);
			buildRules = (
			);
			dependencies = (
				3AE5A8551B462A9E00A2902A /* PBXTargetDependency */,
			);
			name = SwipeEffectTests;
			productName = SwipeEffectTests;
			productReference = 3AE5A8531B462A9E00A2902A /* SwipeEffectTests.xctest */;
			productType = "com.apple.product-type.bundle.unit-test";
		};
/* End PBXNativeTarget section */

/* Begin PBXProject section */
		3AE5A8321B462A9E00A2902A /* Project object */ = {
			isa = PBXProject;
			attributes = {
				LastUpgradeCheck = 0630;
				ORGANIZATIONNAME = Spyros;
				TargetAttributes = {
					3AE5A8391B462A9E00A2902A = {
						CreatedOnToolsVersion = 6.3.2;
						DevelopmentTeam = 5M8KATGLDP;
					};
					3AE5A8521B462A9E00A2902A = {
						CreatedOnToolsVersion = 6.3.2;
						TestTargetID = 3AE5A8391B462A9E00A2902A;
					};
				};
			};
			buildConfigurationList = 3AE5A8351B462A9E00A2902A /* Build configuration list for PBXProject "SwipeEffect" */;
			compatibilityVersion = "Xcode 3.2";
			developmentRegion = English;
			hasScannedForEncodings = 0;
			knownRegions = (
				en,
				Base,
			);
			mainGroup = 3AE5A8311B462A9E00A2902A;
			productRefGroup = 3AE5A83B1B462A9E00A2902A /* Products */;
			projectDirPath = "";
			projectRoot = "";
			targets = (
				3AE5A8391B462A9E00A2902A /* SwipeEffect */,
				3AE5A8521B462A9E00A2902A /* SwipeEffectTests */,
			);
		};
/* End PBXProject section */

/* Begin PBXResourcesBuildPhase section */
		3AE5A8381B462A9E00A2902A /* Resources */ = {
			isa = PBXResourcesBuildPhase;
			buildActionMask = 2147483647;
			files = (
				3AE5A8491B462A9E00A2902A /* Main.storyboard in Resources */,
				3AE5A84E1B462A9E00A2902A /* LaunchScreen.xib in Resources */,
				3AE5A84B1B462A9E00A2902A /* Images.xcassets in Resources */,
			);
			runOnlyForDeploymentPostprocessing = 0;
		};
		3AE5A8511B462A9E00A2902A /* Resources */ = {
			isa = PBXResourcesBuildPhase;
			buildActionMask = 2147483647;
			files = (
			);
			runOnlyForDeploymentPostprocessing = 0;
		};
/* End PBXResourcesBuildPhase section */

/* Begin PBXShellScriptBuildPhase section */
		3FB60F9F770DB163B0DA8278 /* Copy Pods Resources */ = {
			isa = PBXShellScriptBuildPhase;
			buildActionMask = 2147483647;
			files = (
			);
			inputPaths = (
			);
			name = "Copy Pods Resources";
			outputPaths = (
			);
			runOnlyForDeploymentPostprocessing = 0;
			shellPath = /bin/sh;
			shellScript = "\"${SRCROOT}/Pods/Target Support Files/Pods/Pods-resources.sh\"\n";
			showEnvVarsInLog = 0;
		};
		8D544B84D6A250F9A944842F /* Check Pods Manifest.lock */ = {
			isa = PBXShellScriptBuildPhase;
			buildActionMask = 2147483647;
			files = (
			);
			inputPaths = (
			);
			name = "Check Pods Manifest.lock";
			outputPaths = (
			);
			runOnlyForDeploymentPostprocessing = 0;
			shellPath = /bin/sh;
			shellScript = "diff \"${PODS_ROOT}/../Podfile.lock\" \"${PODS_ROOT}/Manifest.lock\" > /dev/null\nif [[ $? != 0 ]] ; then\n    cat << EOM\nerror: The sandbox is not in sync with the Podfile.lock. Run 'pod install' or update your CocoaPods installation.\nEOM\n    exit 1\nfi\n";
			showEnvVarsInLog = 0;
		};
/* End PBXShellScriptBuildPhase section */

/* Begin PBXSourcesBuildPhase section */
		3AE5A8361B462A9E00A2902A /* Sources */ = {
			isa = PBXSourcesBuildPhase;
			buildActionMask = 2147483647;
			files = (
				3AD186AF1B4E9C1000345999 /* ChooseProductView.m in Sources */,
				3ACEEF711B52920800CFB3DD /* Geometry.m in Sources */,
				3ACEEF741B52935700CFB3DD /* SwipeResult.m in Sources */,
				3ACEEF7B1B52969C00CFB3DD /* SwipeToChooseView.m in Sources */,
				3AE5A8661B46E7ED00A2902A /* Product.m in Sources */,
				3ACEEF6E1B52918800CFB3DD /* PanState.m in Sources */,
				3ACEEF841B529A3400CFB3DD /* UIView+SwipeToChoose.m in Sources */,
				3ACEEF811B5299F400CFB3DD /* ViewState.m in Sources */,
				3ACEEF7E1B52991700CFB3DD /* SwipeToChooseViewOptions.m in Sources */,
				3AE5A8431B462A9E00A2902A /* AppDelegate.m in Sources */,
				3AD186AC1B4E9BED00345999 /* ChooseProductViewController.m in Sources */,
				3AE5A8401B462A9E00A2902A /* main.m in Sources */,
				3ACEEF6B1B52910D00CFB3DD /* SwipeOptions.m in Sources */,
			);
			runOnlyForDeploymentPostprocessing = 0;
		};
		3AE5A84F1B462A9E00A2902A /* Sources */ = {
			isa = PBXSourcesBuildPhase;
			buildActionMask = 2147483647;
			files = (
				3AE5A85A1B462A9E00A2902A /* SwipeEffectTests.m in Sources */,
			);
			runOnlyForDeploymentPostprocessing = 0;
		};
/* End PBXSourcesBuildPhase section */

/* Begin PBXTargetDependency section */
		3AE5A8551B462A9E00A2902A /* PBXTargetDependency */ = {
			isa = PBXTargetDependency;
			target = 3AE5A8391B462A9E00A2902A /* SwipeEffect */;
			targetProxy = 3AE5A8541B462A9E00A2902A /* PBXContainerItemProxy */;
		};
/* End PBXTargetDependency section */

/* Begin PBXVariantGroup section */
		3AE5A8471B462A9E00A2902A /* Main.storyboard */ = {
			isa = PBXVariantGroup;
			children = (
				3AE5A8481B462A9E00A2902A /* Base */,
			);
			name = Main.storyboard;
			sourceTree = "<group>";
		};
		3AE5A84C1B462A9E00A2902A /* LaunchScreen.xib */ = {
			isa = PBXVariantGroup;
			children = (
				3AE5A84D1B462A9E00A2902A /* Base */,
			);
			name = LaunchScreen.xib;
			sourceTree = "<group>";
		};
/* End PBXVariantGroup section */

/* Begin XCBuildConfiguration section */
		3AE5A85B1B462A9E00A2902A /* Debug */ = {
			isa = XCBuildConfiguration;
			buildSettings = {
				ALWAYS_SEARCH_USER_PATHS = NO;
				CLANG_CXX_LANGUAGE_STANDARD = "gnu++0x";
				CLANG_CXX_LIBRARY = "libc++";
				CLANG_ENABLE_MODULES = YES;
				CLANG_ENABLE_OBJC_ARC = YES;
				CLANG_WARN_BOOL_CONVERSION = YES;
				CLANG_WARN_CONSTANT_CONVERSION = YES;
				CLANG_WARN_DIRECT_OBJC_ISA_USAGE = YES_ERROR;
				CLANG_WARN_EMPTY_BODY = YES;
				CLANG_WARN_ENUM_CONVERSION = YES;
				CLANG_WARN_INT_CONVERSION = YES;
				CLANG_WARN_OBJC_ROOT_CLASS = YES_ERROR;
				CLANG_WARN_UNREACHABLE_CODE = YES;
				CLANG_WARN__DUPLICATE_METHOD_MATCH = YES;
				"CODE_SIGN_IDENTITY[sdk=iphoneos*]" = "iPhone Developer";
				COPY_PHASE_STRIP = NO;
				DEBUG_INFORMATION_FORMAT = "dwarf-with-dsym";
				ENABLE_STRICT_OBJC_MSGSEND = YES;
				GCC_C_LANGUAGE_STANDARD = gnu99;
				GCC_DYNAMIC_NO_PIC = NO;
				GCC_NO_COMMON_BLOCKS = YES;
				GCC_OPTIMIZATION_LEVEL = 0;
				GCC_PREPROCESSOR_DEFINITIONS = (
					"DEBUG=1",
					"$(inherited)",
				);
				GCC_SYMBOLS_PRIVATE_EXTERN = NO;
				GCC_WARN_64_TO_32_BIT_CONVERSION = YES;
				GCC_WARN_ABOUT_RETURN_TYPE = YES_ERROR;
				GCC_WARN_UNDECLARED_SELECTOR = YES;
				GCC_WARN_UNINITIALIZED_AUTOS = YES_AGGRESSIVE;
				GCC_WARN_UNUSED_FUNCTION = YES;
				GCC_WARN_UNUSED_VARIABLE = YES;
				IPHONEOS_DEPLOYMENT_TARGET = 8.3;
				MTL_ENABLE_DEBUG_INFO = YES;
				ONLY_ACTIVE_ARCH = YES;
				SDKROOT = iphoneos;
			};
			name = Debug;
		};
		3AE5A85C1B462A9E00A2902A /* Release */ = {
			isa = XCBuildConfiguration;
			buildSettings = {
				ALWAYS_SEARCH_USER_PATHS = NO;
				CLANG_CXX_LANGUAGE_STANDARD = "gnu++0x";
				CLANG_CXX_LIBRARY = "libc++";
				CLANG_ENABLE_MODULES = YES;
				CLANG_ENABLE_OBJC_ARC = YES;
				CLANG_WARN_BOOL_CONVERSION = YES;
				CLANG_WARN_CONSTANT_CONVERSION = YES;
				CLANG_WARN_DIRECT_OBJC_ISA_USAGE = YES_ERROR;
				CLANG_WARN_EMPTY_BODY = YES;
				CLANG_WARN_ENUM_CONVERSION = YES;
				CLANG_WARN_INT_CONVERSION = YES;
				CLANG_WARN_OBJC_ROOT_CLASS = YES_ERROR;
				CLANG_WARN_UNREACHABLE_CODE = YES;
				CLANG_WARN__DUPLICATE_METHOD_MATCH = YES;
				"CODE_SIGN_IDENTITY[sdk=iphoneos*]" = "iPhone Developer";
				COPY_PHASE_STRIP = NO;
				DEBUG_INFORMATION_FORMAT = "dwarf-with-dsym";
				ENABLE_NS_ASSERTIONS = NO;
				ENABLE_STRICT_OBJC_MSGSEND = YES;
				GCC_C_LANGUAGE_STANDARD = gnu99;
				GCC_NO_COMMON_BLOCKS = YES;
				GCC_WARN_64_TO_32_BIT_CONVERSION = YES;
				GCC_WARN_ABOUT_RETURN_TYPE = YES_ERROR;
				GCC_WARN_UNDECLARED_SELECTOR = YES;
				GCC_WARN_UNINITIALIZED_AUTOS = YES_AGGRESSIVE;
				GCC_WARN_UNUSED_FUNCTION = YES;
				GCC_WARN_UNUSED_VARIABLE = YES;
				IPHONEOS_DEPLOYMENT_TARGET = 8.3;
				MTL_ENABLE_DEBUG_INFO = NO;
				SDKROOT = iphoneos;
				VALIDATE_PRODUCT = YES;
			};
			name = Release;
		};
		3AE5A85E1B462A9E00A2902A /* Debug */ = {
			isa = XCBuildConfiguration;
			baseConfigurationReference = 056274C272E531B8C8D6A106 /* Pods.debug.xcconfig */;
			buildSettings = {
				ASSETCATALOG_COMPILER_APPICON_NAME = AppIcon;
				CODE_SIGN_IDENTITY = "iPhone Developer";
				INFOPLIST_FILE = SwipeEffect/Info.plist;
				IPHONEOS_DEPLOYMENT_TARGET = 8.0;
				LD_RUNPATH_SEARCH_PATHS = "$(inherited) @executable_path/Frameworks";
				PRODUCT_NAME = "$(TARGET_NAME)";
			};
			name = Debug;
		};
		3AE5A85F1B462A9E00A2902A /* Release */ = {
			isa = XCBuildConfiguration;
			baseConfigurationReference = 3CECACC386E2EE499D10570B /* Pods.release.xcconfig */;
			buildSettings = {
				ASSETCATALOG_COMPILER_APPICON_NAME = AppIcon;
				CODE_SIGN_IDENTITY = "iPhone Distribution: Ramez  Mohamed (5M8KATGLDP)";
				"CODE_SIGN_IDENTITY[sdk=iphoneos*]" = "iPhone Distribution: Ramez  Mohamed (5M8KATGLDP)";
				INFOPLIST_FILE = SwipeEffect/Info.plist;
				IPHONEOS_DEPLOYMENT_TARGET = 8.0;
				LD_RUNPATH_SEARCH_PATHS = "$(inherited) @executable_path/Frameworks";
				PRODUCT_NAME = "$(TARGET_NAME)";
				PROVISIONING_PROFILE = "4927261b-cd92-4dcf-bcf1-0cf554bbf709";
			};
			name = Release;
		};
		3AE5A8611B462A9E00A2902A /* Debug */ = {
			isa = XCBuildConfiguration;
			buildSettings = {
				BUNDLE_LOADER = "$(TEST_HOST)";
				FRAMEWORK_SEARCH_PATHS = (
					"$(SDKROOT)/Developer/Library/Frameworks",
					"$(inherited)",
				);
				GCC_PREPROCESSOR_DEFINITIONS = (
					"DEBUG=1",
					"$(inherited)",
				);
				INFOPLIST_FILE = SwipeEffectTests/Info.plist;
				LD_RUNPATH_SEARCH_PATHS = "$(inherited) @executable_path/Frameworks @loader_path/Frameworks";
				PRODUCT_NAME = "$(TARGET_NAME)";
				TEST_HOST = "$(BUILT_PRODUCTS_DIR)/SwipeEffect.app/SwipeEffect";
			};
			name = Debug;
		};
		3AE5A8621B462A9E00A2902A /* Release */ = {
			isa = XCBuildConfiguration;
			buildSettings = {
				BUNDLE_LOADER = "$(TEST_HOST)";
				FRAMEWORK_SEARCH_PATHS = (
					"$(SDKROOT)/Developer/Library/Frameworks",
					"$(inherited)",
				);
				INFOPLIST_FILE = SwipeEffectTests/Info.plist;
				LD_RUNPATH_SEARCH_PATHS = "$(inherited) @executable_path/Frameworks @loader_path/Frameworks";
				PRODUCT_NAME = "$(TARGET_NAME)";
				TEST_HOST = "$(BUILT_PRODUCTS_DIR)/SwipeEffect.app/SwipeEffect";
			};
			name = Release;
		};
/* End XCBuildConfiguration section */

/* Begin XCConfigurationList section */
		3AE5A8351B462A9E00A2902A /* Build configuration list for PBXProject "SwipeEffect" */ = {
			isa = XCConfigurationList;
			buildConfigurations = (
				3AE5A85B1B462A9E00A2902A /* Debug */,
				3AE5A85C1B462A9E00A2902A /* Release */,
			);
			defaultConfigurationIsVisible = 0;
			defaultConfigurationName = Release;
		};
		3AE5A85D1B462A9E00A2902A /* Build configuration list for PBXNativeTarget "SwipeEffect" */ = {
			isa = XCConfigurationList;
			buildConfigurations = (
				3AE5A85E1B462A9E00A2902A /* Debug */,
				3AE5A85F1B462A9E00A2902A /* Release */,
			);
			defaultConfigurationIsVisible = 0;
			defaultConfigurationName = Release;
		};
		3AE5A8601B462A9E00A2902A /* Build configuration list for PBXNativeTarget "SwipeEffectTests" */ = {
			isa = XCConfigurationList;
			buildConfigurations = (
				3AE5A8611B462A9E00A2902A /* Debug */,
				3AE5A8621B462A9E00A2902A /* Release */,
			);
			defaultConfigurationIsVisible = 0;
			defaultConfigurationName = Release;
		};
/* End XCConfigurationList section */
	};
	rootObject = 3AE5A8321B462A9E00A2902A /* Project object */;
}
